{
  "name": "faker-nuxt",
  "version": "6.0.0-alpha.5",
  "lockfileVersion": 2,
  "requires": true,
  "packages": {
    "": {
      "name": "faker-nuxt",
      "version": "6.0.0-alpha.5",
      "license": "ISC",
      "dependencies": {
        "@faker-js/faker": "^6.0.0-alpha.5"
      }
    },
    "node_modules/@faker-js/faker": {
      "version": "6.0.0-alpha.5",
      "resolved": "https://registry.npmjs.org/@faker-js/faker/-/faker-6.0.0-alpha.5.tgz",
      "integrity": "sha512-8Is/xFxNgricqmhQR/AJ4Vi0cKzSR7FcpE0ImG9dWciuSxUkyCiK+B5/hTQP8jrVbtgTjpFC1AaTCnALJOBDmw==",
      "engines": {
        "node": ">=12.0.0",
        "npm": ">=7.0.0"
      }
    }
  },
  "dependencies": {
    "@faker-js/faker": {
      "version": "6.0.0-alpha.5",
      "resolved": "https://registry.npmjs.org/@faker-js/faker/-/faker-6.0.0-alpha.5.tgz",
      "integrity": "sha512-8Is/xFxNgricqmhQR/AJ4Vi0cKzSR7FcpE0ImG9dWciuSxUkyCiK+B5/hTQP8jrVbtgTjpFC1AaTCnALJOBDmw=="
    }
  }
}
