{
  "name": "faker-nuxt",
  "version": "6.0.0-alpha.5",
  "lockfileVersion": 2,
  "requires": true,
  "packages": {
    "": {
      "name": "faker-nuxt",
      "version": "6.0.0-alpha.5",
      "license": "ISC",
      "dependencies": {
        "@faker-js/faker": "^6.0.0-alpha.6"
      }
    },
    "node_modules/@faker-js/faker": {
      "version": "6.0.0-alpha.6",
      "resolved": "https://registry.npmjs.org/@faker-js/faker/-/faker-6.0.0-alpha.6.tgz",
      "integrity": "sha512-+jatKq8wYwOgCpVQ0wE4t9BglS16qJH/Nu4WjPU+ABTywivTY8BCsD1XIZhw9iXDq3t1InyiXmz+R70TcUMbrg==",
      "engines": {
        "node": ">=14.0.0",
        "npm": ">=7.0.0"
      }
    }
  },
  "dependencies": {
    "@faker-js/faker": {
      "version": "6.0.0-alpha.6",
      "resolved": "https://registry.npmjs.org/@faker-js/faker/-/faker-6.0.0-alpha.6.tgz",
      "integrity": "sha512-+jatKq8wYwOgCpVQ0wE4t9BglS16qJH/Nu4WjPU+ABTywivTY8BCsD1XIZhw9iXDq3t1InyiXmz+R70TcUMbrg=="
    }
  }
}
